
Microsoft Visual Studio Solution File, Format Version 12.00
# Visual Studio Version 16
VisualStudioVersion = 16.0.29924.181
MinimumVisualStudioVersion = 10.0.40219.1
Project("{FAE04EC0-301F-11D3-BF4B-00C04F79EFBC}") = "WebApplication1", "WebApplication1\WebApplication1.csproj", "{D19862A4-6458-4C68-A0C6-1402C2FDCB58}"
EndProject
Global
	GlobalSection(SolutionConfigurationPlatforms) = preSolution
		Debug|Any CPU = Debug|Any CPU
		Release|Any CPU = Release|Any CPU
	EndGlobalSection
	GlobalSection(ProjectConfigurationPlatforms) = postSolution
		{D19862A4-6458-4C68-A0C6-1402C2FDCB58}.Debug|Any CPU.ActiveCfg = Debug|Any CPU
		{D19862A4-6458-4C68-A0C6-1402C2FDCB58}.Debug|Any CPU.Build.0 = Debug|Any CPU
		{D19862A4-6458-4C68-A0C6-1402C2FDCB58}.Release|Any CPU.ActiveCfg = Release|Any CPU
		{D19862A4-6458-4C68-A0C6-1402C2FDCB58}.Release|Any CPU.Build.0 = Release|Any CPU
	EndGlobalSection
	GlobalSection(SolutionProperties) = preSolution
		HideSolutionNode = FALSE
	EndGlobalSection
	GlobalSection(ExtensibilityGlobals) = postSolution
		SolutionGuid = {AF706252-2577-4CDE-99AE-492F2BA71755}
	EndGlobalSection
EndGlobal
